
Microsoft Visual Studio Solution File, Format Version 12.00
# Visual Studio Version 16
VisualStudioVersion = 16.0.29709.97
MinimumVisualStudioVersion = 10.0.40219.1
Project("{FAE04EC0-301F-11D3-BF4B-00C04F79EFBC}") = "BUILDLet.WindowsPowerShell.EnvDTE", "BUILDLet.WindowsPowerShell.EnvDTE\BUILDLet.WindowsPowerShell.EnvDTE.csproj", "{B8B9F2DB-A0DB-415B-A039-3F7E33507A23}"
EndProject
Project("{FAE04EC0-301F-11D3-BF4B-00C04F79EFBC}") = "BUILDLet.WindowsPowerShell.EnvDTE.CommandsTests", "BUILDLet.WindowsPowerShell.EnvDTE.CommandsTests\BUILDLet.WindowsPowerShell.EnvDTE.CommandsTests.csproj", "{8A144A4E-5D74-4756-BC4E-7AE5025BE820}"
EndProject
Project("{F5034706-568F-408A-B7B3-4D38C6DB8A32}") = "BUILDLet.WindowsPowerShell.EnvDTETests", "BUILDLet.WindowsPowerShell.EnvDTETests\BUILDLet.WindowsPowerShell.EnvDTETests.pssproj", "{6CAFC0C6-A428-4D30-A9F9-700E829FEA51}"
	ProjectSection(ProjectDependencies) = postProject
		{8A144A4E-5D74-4756-BC4E-7AE5025BE820} = {8A144A4E-5D74-4756-BC4E-7AE5025BE820}
		{B8B9F2DB-A0DB-415B-A039-3F7E33507A23} = {B8B9F2DB-A0DB-415B-A039-3F7E33507A23}
	EndProjectSection
EndProject
Global
	GlobalSection(SolutionConfigurationPlatforms) = preSolution
		Debug|Any CPU = Debug|Any CPU
		Release|Any CPU = Release|Any CPU
	EndGlobalSection
	GlobalSection(ProjectConfigurationPlatforms) = postSolution
		{B8B9F2DB-A0DB-415B-A039-3F7E33507A23}.Debug|Any CPU.ActiveCfg = Debug|Any CPU
		{B8B9F2DB-A0DB-415B-A039-3F7E33507A23}.Debug|Any CPU.Build.0 = Debug|Any CPU
		{B8B9F2DB-A0DB-415B-A039-3F7E33507A23}.Release|Any CPU.ActiveCfg = Release|Any CPU
		{B8B9F2DB-A0DB-415B-A039-3F7E33507A23}.Release|Any CPU.Build.0 = Release|Any CPU
		{8A144A4E-5D74-4756-BC4E-7AE5025BE820}.Debug|Any CPU.ActiveCfg = Debug|Any CPU
		{8A144A4E-5D74-4756-BC4E-7AE5025BE820}.Debug|Any CPU.Build.0 = Debug|Any CPU
		{8A144A4E-5D74-4756-BC4E-7AE5025BE820}.Release|Any CPU.ActiveCfg = Release|Any CPU
		{8A144A4E-5D74-4756-BC4E-7AE5025BE820}.Release|Any CPU.Build.0 = Release|Any CPU
		{6CAFC0C6-A428-4D30-A9F9-700E829FEA51}.Debug|Any CPU.ActiveCfg = Debug|Any CPU
		{6CAFC0C6-A428-4D30-A9F9-700E829FEA51}.Debug|Any CPU.Build.0 = Debug|Any CPU
		{6CAFC0C6-A428-4D30-A9F9-700E829FEA51}.Release|Any CPU.ActiveCfg = Release|Any CPU
		{6CAFC0C6-A428-4D30-A9F9-700E829FEA51}.Release|Any CPU.Build.0 = Release|Any CPU
	EndGlobalSection
	GlobalSection(SolutionProperties) = preSolution
		HideSolutionNode = FALSE
	EndGlobalSection
	GlobalSection(ExtensibilityGlobals) = postSolution
		SolutionGuid = {AA1113E7-1874-473B-8606-534D23983A84}
	EndGlobalSection
EndGlobal
